
Microsoft Visual Studio Solution File, Format Version 12.00
# Visual Studio Version 17
VisualStudioVersion = 17.4.33103.184
MinimumVisualStudioVersion = 10.0.40219.1
Project("{FAE04EC0-301F-11D3-BF4B-00C04F79EFBC}") = "EqualityCheck", "EqualityCheck\EqualityCheck.csproj", "{6653D5CE-1DE2-457D-98DE-2532CCA6492E}"
EndProject
Project("{FAE04EC0-301F-11D3-BF4B-00C04F79EFBC}") = "EqualityCheck.Tests", "EqualityCheck.Tests\EqualityCheck.Tests.csproj", "{C045B973-8141-4704-BF09-8C90FDC28598}"
EndProject
Global
	GlobalSection(SolutionConfigurationPlatforms) = preSolution
		Debug|Any CPU = Debug|Any CPU
		Release|Any CPU = Release|Any CPU
	EndGlobalSection
	GlobalSection(ProjectConfigurationPlatforms) = postSolution
		{6653D5CE-1DE2-457D-98DE-2532CCA6492E}.Debug|Any CPU.ActiveCfg = Debug|Any CPU
		{6653D5CE-1DE2-457D-98DE-2532CCA6492E}.Debug|Any CPU.Build.0 = Debug|Any CPU
		{6653D5CE-1DE2-457D-98DE-2532CCA6492E}.Release|Any CPU.ActiveCfg = Release|Any CPU
		{6653D5CE-1DE2-457D-98DE-2532CCA6492E}.Release|Any CPU.Build.0 = Release|Any CPU
		{C045B973-8141-4704-BF09-8C90FDC28598}.Debug|Any CPU.ActiveCfg = Debug|Any CPU
		{C045B973-8141-4704-BF09-8C90FDC28598}.Debug|Any CPU.Build.0 = Debug|Any CPU
		{C045B973-8141-4704-BF09-8C90FDC28598}.Release|Any CPU.ActiveCfg = Release|Any CPU
		{C045B973-8141-4704-BF09-8C90FDC28598}.Release|Any CPU.Build.0 = Release|Any CPU
	EndGlobalSection
	GlobalSection(SolutionProperties) = preSolution
		HideSolutionNode = FALSE
	EndGlobalSection
	GlobalSection(ExtensibilityGlobals) = postSolution
		SolutionGuid = {4812595F-0D79-4F8C-B24D-8A65A698DC6A}
	EndGlobalSection
EndGlobal
